
Microsoft Visual Studio Solution File, Format Version 12.00
# Visual Studio Version 16
VisualStudioVersion = 16.0.31702.278
MinimumVisualStudioVersion = 10.0.40219.1
Project("{FAE04EC0-301F-11D3-BF4B-00C04F79EFBC}") = "addressbook_unittests", "addressbook_unittests\addressbook_unittests.csproj", "{37978C30-44CB-4108-9CC6-61E970575709}"
EndProject
Global
	GlobalSection(SolutionConfigurationPlatforms) = preSolution
		Debug|Any CPU = Debug|Any CPU
		Release|Any CPU = Release|Any CPU
	EndGlobalSection
	GlobalSection(ProjectConfigurationPlatforms) = postSolution
		{37978C30-44CB-4108-9CC6-61E970575709}.Debug|Any CPU.ActiveCfg = Debug|Any CPU
		{37978C30-44CB-4108-9CC6-61E970575709}.Debug|Any CPU.Build.0 = Debug|Any CPU
		{37978C30-44CB-4108-9CC6-61E970575709}.Release|Any CPU.ActiveCfg = Release|Any CPU
		{37978C30-44CB-4108-9CC6-61E970575709}.Release|Any CPU.Build.0 = Release|Any CPU
	EndGlobalSection
	GlobalSection(SolutionProperties) = preSolution
		HideSolutionNode = FALSE
	EndGlobalSection
	GlobalSection(ExtensibilityGlobals) = postSolution
		SolutionGuid = {C248D7EF-1448-49CF-96EB-36C3E87AEAD7}
	EndGlobalSection
EndGlobal
