
Microsoft Visual Studio Solution File, Format Version 12.00
# Visual Studio Version 16
VisualStudioVersion = 16.0.31702.278
MinimumVisualStudioVersion = 10.0.40219.1
Project("{FAE04EC0-301F-11D3-BF4B-00C04F79EFBC}") = "addressbook_test_project", "addressbook_test_project\addressbook_test_project.csproj", "{A7A565C6-CCAF-4102-9B63-7384E2A281E5}"
EndProject
Global
	GlobalSection(SolutionConfigurationPlatforms) = preSolution
		Debug|Any CPU = Debug|Any CPU
		Release|Any CPU = Release|Any CPU
	EndGlobalSection
	GlobalSection(ProjectConfigurationPlatforms) = postSolution
		{A7A565C6-CCAF-4102-9B63-7384E2A281E5}.Debug|Any CPU.ActiveCfg = Debug|Any CPU
		{A7A565C6-CCAF-4102-9B63-7384E2A281E5}.Debug|Any CPU.Build.0 = Debug|Any CPU
		{A7A565C6-CCAF-4102-9B63-7384E2A281E5}.Release|Any CPU.ActiveCfg = Release|Any CPU
		{A7A565C6-CCAF-4102-9B63-7384E2A281E5}.Release|Any CPU.Build.0 = Release|Any CPU
	EndGlobalSection
	GlobalSection(SolutionProperties) = preSolution
		HideSolutionNode = FALSE
	EndGlobalSection
	GlobalSection(ExtensibilityGlobals) = postSolution
		SolutionGuid = {DFE0486C-050B-4103-83DD-A37F96990AFC}
	EndGlobalSection
EndGlobal
